<?xml version="1.0" encoding="utf-8"?>
<Project ToolsVersion="4.0" xmlns="http://schemas.microsoft.com/developer/msbuild/2003">
  <ItemGroup>
    <ClCompile Include="outerr.cpp" />
    <ClCompile Include="main.cpp" />
    <ClCompile Include="scc.cpp" />
    <ClCompile Include="scclex.cpp" />
    <ClCompile Include="memfile.cpp" />
  </ItemGroup>
  <ItemGroup>
    <ClInclude Include="outerr.h" />
    <ClInclude Include="scc.h" />
    <ClInclude Include="scccom.h" />
    <ClInclude Include="scclex.h" />
    <ClInclude Include="memfile.h" />
  </ItemGroup>
</Project>