<?xml version="1.0" encoding="utf-8"?>
<Project ToolsVersion="4.0" xmlns="http://schemas.microsoft.com/developer/msbuild/2003">
  <ItemGroup>
    <ClCompile Include="outerr.cpp" />
    <ClCompile Include="main.cpp" />
    <ClCompile Include="scc.cpp" />
    <ClCompile Include="scclex.cpp" />
    <ClCompile Include="memfile.cpp" />
    <ClCompile Include="textbuf.cpp" />
    <ClCompile Include="scctest.cpp" />
    <ClCompile Include="sccprep.cpp" />
    <ClCompile Include="sccAST.cpp" />
    <ClCompile Include="scclink.cpp" />
    <ClCompile Include="sccemit.cpp" />
    <ClCompile Include="bytewriter.cpp" />
    <ClCompile Include="strtbl.cpp" />
    <ClCompile Include="svm_v1_linker.cpp">
      <Filter>linkers</Filter>
    </ClCompile>
    <ClCompile Include="svmx.cpp" />
    <ClCompile Include="scc_code_emitter.cpp" />
  </ItemGroup>
  <ItemGroup>
    <ClInclude Include="outerr.h" />
    <ClInclude Include="scc.h" />
    <ClInclude Include="scccom.h" />
    <ClInclude Include="scclex.h" />
    <ClInclude Include="memfile.h" />
    <ClInclude Include="textbuf.h" />
    <ClInclude Include="scctest.h" />
    <ClInclude Include="sccprep.h" />
    <ClInclude Include="sccAST.h" />
    <ClInclude Include="scclink.h" />
    <ClInclude Include="sccemit.h" />
    <ClInclude Include="bytewriter.h" />
    <ClInclude Include="strtbl.h" />
    <ClInclude Include="svm_v1_linker.h">
      <Filter>linkers</Filter>
    </ClInclude>
    <ClInclude Include="..\scvm\SVM.h">
      <Filter>linkers</Filter>
    </ClInclude>
    <ClInclude Include="bitop.h" />
    <ClInclude Include="svmx.h" />
    <ClInclude Include="scc_code_emitter.h" />
  </ItemGroup>
  <ItemGroup>
    <Filter Include="linkers">
      <UniqueIdentifier>{e918ab57-d5cc-41a4-b5f1-f8032b09195f}</UniqueIdentifier>
    </Filter>
  </ItemGroup>
</Project>